
Microsoft Visual Studio Solution File, Format Version 12.00
# Visual Studio Version 17
VisualStudioVersion = 17.7.34018.315
MinimumVisualStudioVersion = 10.0.40219.1
Project("{9A19103F-16F7-4668-BE54-9A1E7A4F7556}") = "SportMaster", "SportMaster.csproj", "{D6A49818-6A4C-461B-A99B-C0EFD0C4A911}"
EndProject
Project("{FAE04EC0-301F-11D3-BF4B-00C04F79EFBC}") = "Client", "..\Client\Client.csproj", "{9BDA2960-8F17-4F0F-9881-155242213256}"
EndProject
Global
	GlobalSection(SolutionConfigurationPlatforms) = preSolution
		Debug|Any CPU = Debug|Any CPU
		Release|Any CPU = Release|Any CPU
	EndGlobalSection
	GlobalSection(ProjectConfigurationPlatforms) = postSolution
		{D6A49818-6A4C-461B-A99B-C0EFD0C4A911}.Debug|Any CPU.ActiveCfg = Debug|Any CPU
		{D6A49818-6A4C-461B-A99B-C0EFD0C4A911}.Debug|Any CPU.Build.0 = Debug|Any CPU
		{D6A49818-6A4C-461B-A99B-C0EFD0C4A911}.Release|Any CPU.ActiveCfg = Release|Any CPU
		{D6A49818-6A4C-461B-A99B-C0EFD0C4A911}.Release|Any CPU.Build.0 = Release|Any CPU
		{9BDA2960-8F17-4F0F-9881-155242213256}.Debug|Any CPU.ActiveCfg = Debug|Any CPU
		{9BDA2960-8F17-4F0F-9881-155242213256}.Debug|Any CPU.Build.0 = Debug|Any CPU
		{9BDA2960-8F17-4F0F-9881-155242213256}.Release|Any CPU.ActiveCfg = Release|Any CPU
		{9BDA2960-8F17-4F0F-9881-155242213256}.Release|Any CPU.Build.0 = Release|Any CPU
	EndGlobalSection
	GlobalSection(SolutionProperties) = preSolution
		HideSolutionNode = FALSE
	EndGlobalSection
	GlobalSection(ExtensibilityGlobals) = postSolution
		SolutionGuid = {32CCA899-630B-46C8-A4A4-AF39FFF82020}
	EndGlobalSection
EndGlobal
